// !$*UTF8*$!
{
	archiveVersion = 1;
	classes = {
	};
	objectVersion = 50;
	objects = {

/* Begin PBXBuildFile section */
		BF009BA7207004FE009CA3AF /* AppDelegate.swift in Sources */ = {isa = PBXBuildFile; fileRef = BF009BA6207004FE009CA3AF /* AppDelegate.swift */; };
		BF009BA9207004FE009CA3AF /* ViewController.swift in Sources */ = {isa = PBXBuildFile; fileRef = BF009BA8207004FE009CA3AF /* ViewController.swift */; };
		BF009BAC207004FE009CA3AF /* Main.storyboard in Resources */ = {isa = PBXBuildFile; fileRef = BF009BAA207004FE009CA3AF /* Main.storyboard */; };
		BF009BAE207004FF009CA3AF /* Assets.xcassets in Resources */ = {isa = PBXBuildFile; fileRef = BF009BAD207004FF009CA3AF /* Assets.xcassets */; };
		BF009BB1207004FF009CA3AF /* LaunchScreen.storyboard in Resources */ = {isa = PBXBuildFile; fileRef = BF009BAF207004FF009CA3AF /* LaunchScreen.storyboard */; };
		BFC4954920711C2E009C0C1C /* Question.swift in Sources */ = {isa = PBXBuildFile; fileRef = BFC4954820711C2E009C0C1C /* Question.swift */; };
		BFC4954B20712937009C0C1C /* Game.swift in Sources */ = {isa = PBXBuildFile; fileRef = BFC4954A20712937009C0C1C /* Game.swift */; };
		BFC4954D20712A03009C0C1C /* QuestionManager.swift in Sources */ = {isa = PBXBuildFile; fileRef = BFC4954C20712A03009C0C1C /* QuestionManager.swift */; };
		BFC4954F20712CF7009C0C1C /* Default-568h@2x.png in Resources */ = {isa = PBXBuildFile; fileRef = BFC4954E20712CF7009C0C1C /* Default-568h@2x.png */; };
		BFC7A5B220703CE1003092F5 /* Balham.otf in Resources */ = {isa = PBXBuildFile; fileRef = BFC7A5B120703CE1003092F5 /* Balham.otf */; };
/* End PBXBuildFile section */

/* Begin PBXFileReference section */
		BF009BA3207004FE009CA3AF /* OpenQuizz.app */ = {isa = PBXFileReference; explicitFileType = wrapper.application; includeInIndex = 0; path = OpenQuizz.app; sourceTree = BUILT_PRODUCTS_DIR; };
		BF009BA6207004FE009CA3AF /* AppDelegate.swift */ = {isa = PBXFileReference; lastKnownFileType = sourcecode.swift; path = AppDelegate.swift; sourceTree = "<group>"; };
		BF009BA8207004FE009CA3AF /* ViewController.swift */ = {isa = PBXFileReference; lastKnownFileType = sourcecode.swift; path = ViewController.swift; sourceTree = "<group>"; };
		BF009BAB207004FE009CA3AF /* Base */ = {isa = PBXFileReference; lastKnownFileType = file.storyboard; name = Base; path = Base.lproj/Main.storyboard; sourceTree = "<group>"; };
		BF009BAD207004FF009CA3AF /* Assets.xcassets */ = {isa = PBXFileReference; lastKnownFileType = folder.assetcatalog; path = Assets.xcassets; sourceTree = "<group>"; };
		BF009BB0207004FF009CA3AF /* Base */ = {isa = PBXFileReference; lastKnownFileType = file.storyboard; name = Base; path = Base.lproj/LaunchScreen.storyboard; sourceTree = "<group>"; };
		BF009BB2207004FF009CA3AF /* Info.plist */ = {isa = PBXFileReference; lastKnownFileType = text.plist.xml; path = Info.plist; sourceTree = "<group>"; };
		BFC4954820711C2E009C0C1C /* Question.swift */ = {isa = PBXFileReference; lastKnownFileType = sourcecode.swift; name = Question.swift; path = OpenQuizz/Model/Question.swift; sourceTree = SOURCE_ROOT; };
		BFC4954A20712937009C0C1C /* Game.swift */ = {isa = PBXFileReference; lastKnownFileType = sourcecode.swift; path = Game.swift; sourceTree = "<group>"; };
		BFC4954C20712A03009C0C1C /* QuestionManager.swift */ = {isa = PBXFileReference; lastKnownFileType = sourcecode.swift; path = QuestionManager.swift; sourceTree = "<group>"; };
		BFC4954E20712CF7009C0C1C /* Default-568h@2x.png */ = {isa = PBXFileReference; lastKnownFileType = image.png; path = "Default-568h@2x.png"; sourceTree = "<group>"; };
		BFC7A5B120703CE1003092F5 /* Balham.otf */ = {isa = PBXFileReference; lastKnownFileType = file; path = Balham.otf; sourceTree = "<group>"; };
/* End PBXFileReference section */

/* Begin PBXFrameworksBuildPhase section */
		BF009BA0207004FE009CA3AF /* Frameworks */ = {
			isa = PBXFrameworksBuildPhase;
			buildActionMask = 2147483647;
			files = (
			);
			runOnlyForDeploymentPostprocessing = 0;
		};
/* End PBXFrameworksBuildPhase section */

/* Begin PBXGroup section */
		BF009B9A207004FE009CA3AF = {
			isa = PBXGroup;
			children = (
				BFC4954E20712CF7009C0C1C /* Default-568h@2x.png */,
				BF009BA5207004FE009CA3AF /* OpenQuizz */,
				BF009BA4207004FE009CA3AF /* Products */,
			);
			sourceTree = "<group>";
		};
		BF009BA4207004FE009CA3AF /* Products */ = {
			isa = PBXGroup;
			children = (
				BF009BA3207004FE009CA3AF /* OpenQuizz.app */,
			);
			name = Products;
			sourceTree = "<group>";
		};
		BF009BA5207004FE009CA3AF /* OpenQuizz */ = {
			isa = PBXGroup;
			children = (
				BFC495442071183F009C0C1C /* Model */,
				BFC4954520711851009C0C1C /* View */,
				BFC495462071186A009C0C1C /* Controller */,
				BFC4954720711883009C0C1C /* Supporting Files */,
			);
			path = OpenQuizz;
			sourceTree = "<group>";
		};
		BFC495442071183F009C0C1C /* Model */ = {
			isa = PBXGroup;
			children = (
				BFC4954820711C2E009C0C1C /* Question.swift */,
				BFC4954A20712937009C0C1C /* Game.swift */,
				BFC4954C20712A03009C0C1C /* QuestionManager.swift */,
			);
			path = Model;
			sourceTree = "<group>";
		};
		BFC4954520711851009C0C1C /* View */ = {
			isa = PBXGroup;
			children = (
				BF009BAA207004FE009CA3AF /* Main.storyboard */,
			);
			path = View;
			sourceTree = "<group>";
		};
		BFC495462071186A009C0C1C /* Controller */ = {
			isa = PBXGroup;
			children = (
				BF009BA8207004FE009CA3AF /* ViewController.swift */,
			);
			path = Controller;
			sourceTree = "<group>";
		};
		BFC4954720711883009C0C1C /* Supporting Files */ = {
			isa = PBXGroup;
			children = (
				BF009BA6207004FE009CA3AF /* AppDelegate.swift */,
				BF009BAD207004FF009CA3AF /* Assets.xcassets */,
				BFC7A5B120703CE1003092F5 /* Balham.otf */,
				BF009BAF207004FF009CA3AF /* LaunchScreen.storyboard */,
				BF009BB2207004FF009CA3AF /* Info.plist */,
			);
			path = "Supporting Files";
			sourceTree = "<group>";
		};
/* End PBXGroup section */

/* Begin PBXNativeTarget section */
		BF009BA2207004FE009CA3AF /* OpenQuizz */ = {
			isa = PBXNativeTarget;
			buildConfigurationList = BF009BB5207004FF009CA3AF /* Build configuration list for PBXNativeTarget "OpenQuizz" */;
			buildPhases = (
				BF009B9F207004FE009CA3AF /* Sources */,
				BF009BA0207004FE009CA3AF /* Frameworks */,
				BF009BA1207004FE009CA3AF /* Resources */,
			);
			buildRules = (
			);
			dependencies = (
			);
			name = OpenQuizz;
			productName = OpenQuizz;
			productReference = BF009BA3207004FE009CA3AF /* OpenQuizz.app */;
			productType = "com.apple.product-type.application";
		};
/* End PBXNativeTarget section */

/* Begin PBXProject section */
		BF009B9B207004FE009CA3AF /* Project object */ = {
			isa = PBXProject;
			attributes = {
				LastSwiftUpdateCheck = 0930;
				LastUpgradeCheck = 0930;
				ORGANIZATIONNAME = "Vincent BRAY";
				TargetAttributes = {
					BF009BA2207004FE009CA3AF = {
						CreatedOnToolsVersion = 9.3;
					};
				};
			};
			buildConfigurationList = BF009B9E207004FE009CA3AF /* Build configuration list for PBXProject "OpenQuizz" */;
			compatibilityVersion = "Xcode 9.3";
			developmentRegion = en;
			hasScannedForEncodings = 0;
			knownRegions = (
				en,
				Base,
			);
			mainGroup = BF009B9A207004FE009CA3AF;
			productRefGroup = BF009BA4207004FE009CA3AF /* Products */;
			projectDirPath = "";
			projectRoot = "";
			targets = (
				BF009BA2207004FE009CA3AF /* OpenQuizz */,
			);
		};
/* End PBXProject section */

/* Begin PBXResourcesBuildPhase section */
		BF009BA1207004FE009CA3AF /* Resources */ = {
			isa = PBXResourcesBuildPhase;
			buildActionMask = 2147483647;
			files = (
				BF009BB1207004FF009CA3AF /* LaunchScreen.storyboard in Resources */,
				BF009BAE207004FF009CA3AF /* Assets.xcassets in Resources */,
				BFC7A5B220703CE1003092F5 /* Balham.otf in Resources */,
				BFC4954F20712CF7009C0C1C /* Default-568h@2x.png in Resources */,
				BF009BAC207004FE009CA3AF /* Main.storyboard in Resources */,
			);
			runOnlyForDeploymentPostprocessing = 0;
		};
/* End PBXResourcesBuildPhase section */

/* Begin PBXSourcesBuildPhase section */
		BF009B9F207004FE009CA3AF /* Sources */ = {
			isa = PBXSourcesBuildPhase;
			buildActionMask = 2147483647;
			files = (
				BFC4954920711C2E009C0C1C /* Question.swift in Sources */,
				BF009BA9207004FE009CA3AF /* ViewController.swift in Sources */,
				BF009BA7207004FE009CA3AF /* AppDelegate.swift in Sources */,
				BFC4954D20712A03009C0C1C /* QuestionManager.swift in Sources */,
				BFC4954B20712937009C0C1C /* Game.swift in Sources */,
			);
			runOnlyForDeploymentPostprocessing = 0;
		};
/* End PBXSourcesBuildPhase section */

/* Begin PBXVariantGroup section */
		BF009BAA207004FE009CA3AF /* Main.storyboard */ = {
			isa = PBXVariantGroup;
			children = (
				BF009BAB207004FE009CA3AF /* Base */,
			);
			name = Main.storyboard;
			sourceTree = "<group>";
		};
		BF009BAF207004FF009CA3AF /* LaunchScreen.storyboard */ = {
			isa = PBXVariantGroup;
			children = (
				BF009BB0207004FF009CA3AF /* Base */,
			);
			name = LaunchScreen.storyboard;
			sourceTree = "<group>";
		};
/* End PBXVariantGroup section */

/* Begin XCBuildConfiguration section */
		BF009BB3207004FF009CA3AF /* Debug */ = {
			isa = XCBuildConfiguration;
			buildSettings = {
				ALWAYS_SEARCH_USER_PATHS = NO;
				CLANG_ANALYZER_NONNULL = YES;
				CLANG_ANALYZER_NUMBER_OBJECT_CONVERSION = YES_AGGRESSIVE;
				CLANG_CXX_LANGUAGE_STANDARD = "gnu++14";
				CLANG_CXX_LIBRARY = "libc++";
				CLANG_ENABLE_MODULES = YES;
				CLANG_ENABLE_OBJC_ARC = YES;
				CLANG_ENABLE_OBJC_WEAK = YES;
				CLANG_WARN_BLOCK_CAPTURE_AUTORELEASING = YES;
				CLANG_WARN_BOOL_CONVERSION = YES;
				CLANG_WARN_COMMA = YES;
				CLANG_WARN_CONSTANT_CONVERSION = YES;
				CLANG_WARN_DEPRECATED_OBJC_IMPLEMENTATIONS = YES;
				CLANG_WARN_DIRECT_OBJC_ISA_USAGE = YES_ERROR;
				CLANG_WARN_DOCUMENTATION_COMMENTS = YES;
				CLANG_WARN_EMPTY_BODY = YES;
				CLANG_WARN_ENUM_CONVERSION = YES;
				CLANG_WARN_INFINITE_RECURSION = YES;
				CLANG_WARN_INT_CONVERSION = YES;
				CLANG_WARN_NON_LITERAL_NULL_CONVERSION = YES;
				CLANG_WARN_OBJC_IMPLICIT_RETAIN_SELF = YES;
				CLANG_WARN_OBJC_LITERAL_CONVERSION = YES;
				CLANG_WARN_OBJC_ROOT_CLASS = YES_ERROR;
				CLANG_WARN_RANGE_LOOP_ANALYSIS = YES;
				CLANG_WARN_STRICT_PROTOTYPES = YES;
				CLANG_WARN_SUSPICIOUS_MOVE = YES;
				CLANG_WARN_UNGUARDED_AVAILABILITY = YES_AGGRESSIVE;
				CLANG_WARN_UNREACHABLE_CODE = YES;
				CLANG_WARN__DUPLICATE_METHOD_MATCH = YES;
				CODE_SIGN_IDENTITY = "iPhone Developer";
				COPY_PHASE_STRIP = NO;
				DEBUG_INFORMATION_FORMAT = dwarf;
				ENABLE_STRICT_OBJC_MSGSEND = YES;
				ENABLE_TESTABILITY = YES;
				GCC_C_LANGUAGE_STANDARD = gnu11;
				GCC_DYNAMIC_NO_PIC = NO;
				GCC_NO_COMMON_BLOCKS = YES;
				GCC_OPTIMIZATION_LEVEL = 0;
				GCC_PREPROCESSOR_DEFINITIONS = (
					"DEBUG=1",
					"$(inherited)",
				);
				GCC_WARN_64_TO_32_BIT_CONVERSION = YES;
				GCC_WARN_ABOUT_RETURN_TYPE = YES_ERROR;
				GCC_WARN_UNDECLARED_SELECTOR = YES;
				GCC_WARN_UNINITIALIZED_AUTOS = YES_AGGRESSIVE;
				GCC_WARN_UNUSED_FUNCTION = YES;
				GCC_WARN_UNUSED_VARIABLE = YES;
				IPHONEOS_DEPLOYMENT_TARGET = 11.3;
				MTL_ENABLE_DEBUG_INFO = YES;
				ONLY_ACTIVE_ARCH = YES;
				SDKROOT = iphoneos;
				SWIFT_ACTIVE_COMPILATION_CONDITIONS = DEBUG;
				SWIFT_OPTIMIZATION_LEVEL = "-Onone";
			};
			name = Debug;
		};
		BF009BB4207004FF009CA3AF /* Release */ = {
			isa = XCBuildConfiguration;
			buildSettings = {
				ALWAYS_SEARCH_USER_PATHS = NO;
				CLANG_ANALYZER_NONNULL = YES;
				CLANG_ANALYZER_NUMBER_OBJECT_CONVERSION = YES_AGGRESSIVE;
				CLANG_CXX_LANGUAGE_STANDARD = "gnu++14";
				CLANG_CXX_LIBRARY = "libc++";
				CLANG_ENABLE_MODULES = YES;
				CLANG_ENABLE_OBJC_ARC = YES;
				CLANG_ENABLE_OBJC_WEAK = YES;
				CLANG_WARN_BLOCK_CAPTURE_AUTORELEASING = YES;
				CLANG_WARN_BOOL_CONVERSION = YES;
				CLANG_WARN_COMMA = YES;
				CLANG_WARN_CONSTANT_CONVERSION = YES;
				CLANG_WARN_DEPRECATED_OBJC_IMPLEMENTATIONS = YES;
				CLANG_WARN_DIRECT_OBJC_ISA_USAGE = YES_ERROR;
				CLANG_WARN_DOCUMENTATION_COMMENTS = YES;
				CLANG_WARN_EMPTY_BODY = YES;
				CLANG_WARN_ENUM_CONVERSION = YES;
				CLANG_WARN_INFINITE_RECURSION = YES;
				CLANG_WARN_INT_CONVERSION = YES;
				CLANG_WARN_NON_LITERAL_NULL_CONVERSION = YES;
				CLANG_WARN_OBJC_IMPLICIT_RETAIN_SELF = YES;
				CLANG_WARN_OBJC_LITERAL_CONVERSION = YES;
				CLANG_WARN_OBJC_ROOT_CLASS = YES_ERROR;
				CLANG_WARN_RANGE_LOOP_ANALYSIS = YES;
				CLANG_WARN_STRICT_PROTOTYPES = YES;
				CLANG_WARN_SUSPICIOUS_MOVE = YES;
				CLANG_WARN_UNGUARDED_AVAILABILITY = YES_AGGRESSIVE;
				CLANG_WARN_UNREACHABLE_CODE = YES;
				CLANG_WARN__DUPLICATE_METHOD_MATCH = YES;
				CODE_SIGN_IDENTITY = "iPhone Developer";
				COPY_PHASE_STRIP = NO;
				DEBUG_INFORMATION_FORMAT = "dwarf-with-dsym";
				ENABLE_NS_ASSERTIONS = NO;
				ENABLE_STRICT_OBJC_MSGSEND = YES;
				GCC_C_LANGUAGE_STANDARD = gnu11;
				GCC_NO_COMMON_BLOCKS = YES;
				GCC_WARN_64_TO_32_BIT_CONVERSION = YES;
				GCC_WARN_ABOUT_RETURN_TYPE = YES_ERROR;
				GCC_WARN_UNDECLARED_SELECTOR = YES;
				GCC_WARN_UNINITIALIZED_AUTOS = YES_AGGRESSIVE;
				GCC_WARN_UNUSED_FUNCTION = YES;
				GCC_WARN_UNUSED_VARIABLE = YES;
				IPHONEOS_DEPLOYMENT_TARGET = 11.3;
				MTL_ENABLE_DEBUG_INFO = NO;
				SDKROOT = iphoneos;
				SWIFT_COMPILATION_MODE = wholemodule;
				SWIFT_OPTIMIZATION_LEVEL = "-O";
				VALIDATE_PRODUCT = YES;
			};
			name = Release;
		};
		BF009BB6207004FF009CA3AF /* Debug */ = {
			isa = XCBuildConfiguration;
			buildSettings = {
				ASSETCATALOG_COMPILER_APPICON_NAME = AppIcon;
				CODE_SIGN_STYLE = Automatic;
				DEVELOPMENT_TEAM = 2HNPJY5D46;
				INFOPLIST_FILE = "$(SRCROOT)/OpenQuizz/Supporting Files/Info.plist";
				LD_RUNPATH_SEARCH_PATHS = (
					"$(inherited)",
					"@executable_path/Frameworks",
				);
				PRODUCT_BUNDLE_IDENTIFIER = com.vincentbray.OpenQuizz;
				PRODUCT_NAME = "$(TARGET_NAME)";
				SWIFT_VERSION = 4.0;
				TARGETED_DEVICE_FAMILY = "1,2";
			};
			name = Debug;
		};
		BF009BB7207004FF009CA3AF /* Release */ = {
			isa = XCBuildConfiguration;
			buildSettings = {
				ASSETCATALOG_COMPILER_APPICON_NAME = AppIcon;
				CODE_SIGN_STYLE = Automatic;
				DEVELOPMENT_TEAM = 2HNPJY5D46;
				INFOPLIST_FILE = "$(SRCROOT)/OpenQuizz/Supporting Files/Info.plist";
				LD_RUNPATH_SEARCH_PATHS = (
					"$(inherited)",
					"@executable_path/Frameworks",
				);
				PRODUCT_BUNDLE_IDENTIFIER = com.vincentbray.OpenQuizz;
				PRODUCT_NAME = "$(TARGET_NAME)";
				SWIFT_VERSION = 4.0;
				TARGETED_DEVICE_FAMILY = "1,2";
			};
			name = Release;
		};
/* End XCBuildConfiguration section */

/* Begin XCConfigurationList section */
		BF009B9E207004FE009CA3AF /* Build configuration list for PBXProject "OpenQuizz" */ = {
			isa = XCConfigurationList;
			buildConfigurations = (
				BF009BB3207004FF009CA3AF /* Debug */,
				BF009BB4207004FF009CA3AF /* Release */,
			);
			defaultConfigurationIsVisible = 0;
			defaultConfigurationName = Release;
		};
		BF009BB5207004FF009CA3AF /* Build configuration list for PBXNativeTarget "OpenQuizz" */ = {
			isa = XCConfigurationList;
			buildConfigurations = (
				BF009BB6207004FF009CA3AF /* Debug */,
				BF009BB7207004FF009CA3AF /* Release */,
			);
			defaultConfigurationIsVisible = 0;
			defaultConfigurationName = Release;
		};
/* End XCConfigurationList section */
	};
	rootObject = BF009B9B207004FE009CA3AF /* Project object */;
}
